
Microsoft Visual Studio Solution File, Format Version 12.00
# Visual Studio 2015
Project("{FAE04EC0-301F-11D3-BF4B-00C04F79EFBC}") = "Plataforma2D.CSharp", "Plataforma2D.CSharp.csproj", "{89251015-E6A4-8D8E-60E3-F4448DAFDD93}"
EndProject
Global
	GlobalSection(SolutionConfigurationPlatforms) = preSolution
		Debug|Any CPU = Debug|Any CPU
		Release|Any CPU = Release|Any CPU
	EndGlobalSection
	GlobalSection(ProjectConfigurationPlatforms) = postSolution
		{89251015-E6A4-8D8E-60E3-F4448DAFDD93}.Debug|Any CPU.ActiveCfg = Debug|Any CPU
		{89251015-E6A4-8D8E-60E3-F4448DAFDD93}.Debug|Any CPU.Build.0 = Debug|Any CPU
		{89251015-E6A4-8D8E-60E3-F4448DAFDD93}.Release|Any CPU.ActiveCfg = Release|Any CPU
		{89251015-E6A4-8D8E-60E3-F4448DAFDD93}.Release|Any CPU.Build.0 = Release|Any CPU
	EndGlobalSection
	GlobalSection(SolutionProperties) = preSolution
		HideSolutionNode = FALSE
	EndGlobalSection
EndGlobal
